
Microsoft Visual Studio Solution File, Format Version 12.00
# Visual Studio Version 17
VisualStudioVersion = 17.4.33213.308
MinimumVisualStudioVersion = 10.0.40219.1
Project("{FAE04EC0-301F-11D3-BF4B-00C04F79EFBC}") = "project-management-system-backend", "project-management-system-backend\project-management-system-backend.csproj", "{7CF368E6-B81E-4BB3-B45B-3C3C380DE7E5}"
EndProject
Global
	GlobalSection(SolutionConfigurationPlatforms) = preSolution
		Debug|Any CPU = Debug|Any CPU
		Release|Any CPU = Release|Any CPU
	EndGlobalSection
	GlobalSection(ProjectConfigurationPlatforms) = postSolution
		{7CF368E6-B81E-4BB3-B45B-3C3C380DE7E5}.Debug|Any CPU.ActiveCfg = Debug|Any CPU
		{7CF368E6-B81E-4BB3-B45B-3C3C380DE7E5}.Debug|Any CPU.Build.0 = Debug|Any CPU
		{7CF368E6-B81E-4BB3-B45B-3C3C380DE7E5}.Release|Any CPU.ActiveCfg = Release|Any CPU
		{7CF368E6-B81E-4BB3-B45B-3C3C380DE7E5}.Release|Any CPU.Build.0 = Release|Any CPU
	EndGlobalSection
	GlobalSection(SolutionProperties) = preSolution
		HideSolutionNode = FALSE
	EndGlobalSection
	GlobalSection(ExtensibilityGlobals) = postSolution
		SolutionGuid = {DB04112E-F5AF-4FF2-8D2B-17D8FDFF4AAA}
	EndGlobalSection
EndGlobal
